
Microsoft Visual Studio Solution File, Format Version 12.00
# Visual Studio Version 17
VisualStudioVersion = 17.0.32126.317
MinimumVisualStudioVersion = 10.0.40219.1
Project("{9A19103F-16F7-4668-BE54-9A1E7A4F7556}") = "Mjml.Net", "Mjml.Net\Mjml.Net.csproj", "{2E2F5B9D-0997-412F-A6A0-1E466D7CBCD7}"
EndProject
Project("{9A19103F-16F7-4668-BE54-9A1E7A4F7556}") = "Tests", "Tests\Tests.csproj", "{46F40B80-4E0C-45BC-8172-EB09A1E12A60}"
EndProject
Project("{9A19103F-16F7-4668-BE54-9A1E7A4F7556}") = "Mjml.Net.Generator", "Mjml.Net.Generator\Mjml.Net.Generator.csproj", "{420FEFE5-4DA7-4764-8E90-DED7D9EE2A14}"
EndProject
Project("{9A19103F-16F7-4668-BE54-9A1E7A4F7556}") = "Tools", "Tools\Tools.csproj", "{D38216A0-D96A-4D08-B9C4-0F3D62CF5313}"
EndProject
Project("{9A19103F-16F7-4668-BE54-9A1E7A4F7556}") = "Mjml.Net.Benchmark", "Mjml.Net.Benchmark\Mjml.Net.Benchmark.csproj", "{3969326A-B528-4120-8E30-4127F66B638E}"
EndProject
Global
	GlobalSection(SolutionConfigurationPlatforms) = preSolution
		Debug|Any CPU = Debug|Any CPU
		Release|Any CPU = Release|Any CPU
	EndGlobalSection
	GlobalSection(ProjectConfigurationPlatforms) = postSolution
		{2E2F5B9D-0997-412F-A6A0-1E466D7CBCD7}.Debug|Any CPU.ActiveCfg = Debug|Any CPU
		{2E2F5B9D-0997-412F-A6A0-1E466D7CBCD7}.Debug|Any CPU.Build.0 = Debug|Any CPU
		{2E2F5B9D-0997-412F-A6A0-1E466D7CBCD7}.Release|Any CPU.ActiveCfg = Release|Any CPU
		{2E2F5B9D-0997-412F-A6A0-1E466D7CBCD7}.Release|Any CPU.Build.0 = Release|Any CPU
		{46F40B80-4E0C-45BC-8172-EB09A1E12A60}.Debug|Any CPU.ActiveCfg = Debug|Any CPU
		{46F40B80-4E0C-45BC-8172-EB09A1E12A60}.Debug|Any CPU.Build.0 = Debug|Any CPU
		{46F40B80-4E0C-45BC-8172-EB09A1E12A60}.Release|Any CPU.ActiveCfg = Release|Any CPU
		{46F40B80-4E0C-45BC-8172-EB09A1E12A60}.Release|Any CPU.Build.0 = Release|Any CPU
		{420FEFE5-4DA7-4764-8E90-DED7D9EE2A14}.Debug|Any CPU.ActiveCfg = Debug|Any CPU
		{420FEFE5-4DA7-4764-8E90-DED7D9EE2A14}.Debug|Any CPU.Build.0 = Debug|Any CPU
		{420FEFE5-4DA7-4764-8E90-DED7D9EE2A14}.Release|Any CPU.ActiveCfg = Release|Any CPU
		{420FEFE5-4DA7-4764-8E90-DED7D9EE2A14}.Release|Any CPU.Build.0 = Release|Any CPU
		{D38216A0-D96A-4D08-B9C4-0F3D62CF5313}.Debug|Any CPU.ActiveCfg = Debug|Any CPU
		{D38216A0-D96A-4D08-B9C4-0F3D62CF5313}.Debug|Any CPU.Build.0 = Debug|Any CPU
		{D38216A0-D96A-4D08-B9C4-0F3D62CF5313}.Release|Any CPU.ActiveCfg = Release|Any CPU
		{D38216A0-D96A-4D08-B9C4-0F3D62CF5313}.Release|Any CPU.Build.0 = Release|Any CPU
		{3969326A-B528-4120-8E30-4127F66B638E}.Debug|Any CPU.ActiveCfg = Debug|Any CPU
		{3969326A-B528-4120-8E30-4127F66B638E}.Debug|Any CPU.Build.0 = Debug|Any CPU
		{3969326A-B528-4120-8E30-4127F66B638E}.Release|Any CPU.ActiveCfg = Release|Any CPU
		{3969326A-B528-4120-8E30-4127F66B638E}.Release|Any CPU.Build.0 = Release|Any CPU
	EndGlobalSection
	GlobalSection(SolutionProperties) = preSolution
		HideSolutionNode = FALSE
	EndGlobalSection
	GlobalSection(ExtensibilityGlobals) = postSolution
		SolutionGuid = {CE8EA9DB-E535-45E8-B100-EC958FED8E49}
	EndGlobalSection
EndGlobal
